github.com/wowchemy/wowchemy-hugo-modules/netlify-cms-academic v0.0.0-20201016182837-be0fa17ac006 h1:YNTYgXSXNVmvBTwD4Fp7jnrHKjczvxv30FOmBvfPkK8=
github.com/wowchemy/wowchemy-hugo-modules/netlify-cms-academic v0.0.0-20201016182837-be0fa17ac006/go.mod h1:TU3QDPUdBSQnvDP5QVCwjAkBIdVMS/bKFA8jr3eI5AY=
github.com/wowchemy/wowchemy-hugo-modules/v5 v5.3.0 h1:lGfJL+IslLK+LbUivHVFO+P9/Op4mK4zb3SlKiORKGk=
github.com/wowchemy/wowchemy-hugo-modules/v5 v5.3.0/go.mod h1:akNBhhT0UAOXSREplKkLe2wyHeo51qm6f+vqNkQkcmE=
github.com/wowchemy/wowchemy-hugo-modules/wowchemy v0.0.0-20201016182837-be0fa17ac006 h1:0TttxcFCinLEfPQxtpCRcCnf34vQm/S247UQ9lrzh38=
github.com/wowchemy/wowchemy-hugo-modules/wowchemy v0.0.0-20201016182837-be0fa17ac006/go.mod h1:H22qfH9qj3FWwsk7+bAZpmT24yRGNQURah2/IRwjbn8=
github.com/wowchemy/wowchemy-hugo-modules/wowchemy-cms/v5 v5.0.0-20210629192904-559885af86b7/go.mod h1:Sp/AKo+2HAPi/IPHp1MEdKPmee+mzO5+efUBUPLPqPE=
github.com/wowchemy/wowchemy-hugo-modules/wowchemy-cms/v5 v5.0.0-20220303211751-d75dbe7f3d22 h1:fsdJxho4vfU+WZuXx/g8CnHdItheqaAZzG2NN+Lex4k=
github.com/wowchemy/wowchemy-hugo-modules/wowchemy-cms/v5 v5.0.0-20220303211751-d75dbe7f3d22/go.mod h1:Sp/AKo+2HAPi/IPHp1MEdKPmee+mzO5+efUBUPLPqPE=
github.com/wowchemy/wowchemy-hugo-modules/wowchemy-cms/v5 v5.0.0-20220309000624-acd5e742afea h1:UPqm5eboprYRGvsHXDwVXmRXRG+saSnWSiKpqA5KUso=
github.com/wowchemy/wowchemy-hugo-modules/wowchemy-cms/v5 v5.0.0-20220309000624-acd5e742afea/go.mod h1:Sp/AKo+2HAPi/IPHp1MEdKPmee+mzO5+efUBUPLPqPE=
github.com/wowchemy/wowchemy-hugo-modules/wowchemy-cms/v5 v5.0.0-20220524234201-98932fcf9688 h1:p03qDUTtZgOcRiNka5m6ofkCx7E1juXxSygKgCVZCaU=
github.com/wowchemy/wowchemy-hugo-modules/wowchemy-cms/v5 v5.0.0-20220524234201-98932fcf9688/go.mod h1:Sp/AKo+2HAPi/IPHp1MEdKPmee+mzO5+efUBUPLPqPE=
github.com/wowchemy/wowchemy-hugo-modules/wowchemy-cms/v5 v5.0.0-20220602234052-acd74954b5dd h1:3YCQtPUPObQBsQn1Y3rK9SPSG5rbZzppGaPj6okHXPI=
github.com/wowchemy/wowchemy-hugo-modules/wowchemy-cms/v5 v5.0.0-20220602234052-acd74954b5dd/go.mod h1:Sp/AKo+2HAPi/IPHp1MEdKPmee+mzO5+efUBUPLPqPE=
github.com/wowchemy/wowchemy-hugo-modules/wowchemy-cms/v5 v5.0.0-20220621163145-4ce2a141a3e3 h1:QjcifwciH3+5Ok7A8NUP/8T95H508xgWfFwUJ6Y4S7Y=
github.com/wowchemy/wowchemy-hugo-modules/wowchemy-cms/v5 v5.0.0-20220621163145-4ce2a141a3e3/go.mod h1:Sp/AKo+2HAPi/IPHp1MEdKPmee+mzO5+efUBUPLPqPE=
github.com/wowchemy/wowchemy-hugo-modules/wowchemy/v5 v5.0.0-20210629192904-559885af86b7/go.mod h1:2iL9rdrUYyJXX2BeHKfK+QbqZlubCsaR60nQ87NRQTY=
github.com/wowchemy/wowchemy-hugo-modules/wowchemy/v5 v5.0.0-20220303211751-d75dbe7f3d22 h1:fLtcBw6b1d4o6IAIT0UkgVnbfmL8zn9mJKOBVQRBErM=
github.com/wowchemy/wowchemy-hugo-modules/wowchemy/v5 v5.0.0-20220303211751-d75dbe7f3d22/go.mod h1:2iL9rdrUYyJXX2BeHKfK+QbqZlubCsaR60nQ87NRQTY=
github.com/wowchemy/wowchemy-hugo-modules/wowchemy/v5 v5.0.0-20220309000624-acd5e742afea h1:S93sSI3W9tQQAhCBNVOGSaZr+qx0pHI8N2IMJSVoIiI=
github.com/wowchemy/wowchemy-hugo-modules/wowchemy/v5 v5.0.0-20220309000624-acd5e742afea/go.mod h1:2iL9rdrUYyJXX2BeHKfK+QbqZlubCsaR60nQ87NRQTY=
github.com/wowchemy/wowchemy-hugo-modules/wowchemy/v5 v5.0.0-20220524234201-98932fcf9688 h1:7PKAu7bgB4QiRB9WoiyTl77DU6ZXPemQIH6iFUu3QkM=
github.com/wowchemy/wowchemy-hugo-modules/wowchemy/v5 v5.0.0-20220524234201-98932fcf9688/go.mod h1:2iL9rdrUYyJXX2BeHKfK+QbqZlubCsaR60nQ87NRQTY=
github.com/wowchemy/wowchemy-hugo-modules/wowchemy/v5 v5.0.0-20220621163145-4ce2a141a3e3 h1:Je+ETrVOMECqaPAZkO6U5HS4D36t4p8D8G86dMMQo+E=
github.com/wowchemy/wowchemy-hugo-modules/wowchemy/v5 v5.0.0-20220621163145-4ce2a141a3e3/go.mod h1:2iL9rdrUYyJXX2BeHKfK+QbqZlubCsaR60nQ87NRQTY=
